{
  "version": 4,
  "terraform_version": "1.11.4",
  "serial": 18,
  "lineage": "8bc9f48d-a75f-9e60-2b85-cb539ae8196a",
  "outputs": {
    "bucket_name": {
      "value": "brainpin-frontend-prod-140023375269",
      "type": "string"
    },
    "cloudfront_distribution_id": {
      "value": "E2N7KMOABLKE5P",
      "type": "string"
    },
    "cloudfront_domain_name": {
      "value": "d1fv73t015hmo1.cloudfront.net",
      "type": "string"
    },
    "route53_record_fqdn": {
      "value": "brainpin.leitnersoft.com",
      "type": "string"
    }
  },
  "resources": [
    {
      "mode": "data",
      "type": "aws_caller_identity",
      "name": "current",
      "provider": "provider[\"registry.terraform.io/hashicorp/aws\"]",
      "instances": [
        {
          "schema_version": 0,
          "attributes": {
            "account_id": "140023375269",
            "arn": "arn:aws:iam::140023375269:user/sebastian",
            "id": "140023375269",
            "user_id": "AIDASBGQLEWSTE43BQYDT"
          },
          "sensitive_attributes": []
        }
      ]
    },
    {
      "mode": "data",
      "type": "aws_iam_policy_document",
      "name": "frontend",
      "provider": "provider[\"registry.terraform.io/hashicorp/aws\"]",
      "instances": [
        {
          "schema_version": 0,
          "attributes": {
            "id": "2965347986",
            "json": "{\n  \"Version\": \"2012-10-17\",\n  \"Statement\": [\n    {\n      \"Sid\": \"AllowCloudFrontServicePrincipalRead\",\n      \"Effect\": \"Allow\",\n      \"Action\": \"s3:GetObject\",\n      \"Resource\": \"arn:aws:s3:::brainpin-frontend-prod-140023375269/*\",\n      \"Principal\": {\n        \"Service\": \"cloudfront.amazonaws.com\"\n      },\n      \"Condition\": {\n        \"StringEquals\": {\n          \"AWS:SourceArn\": \"arn:aws:cloudfront::140023375269:distribution/E2N7KMOABLKE5P\"\n        }\n      }\n    }\n  ]\n}",
            "minified_json": "{\"Version\":\"2012-10-17\",\"Statement\":[{\"Sid\":\"AllowCloudFrontServicePrincipalRead\",\"Effect\":\"Allow\",\"Action\":\"s3:GetObject\",\"Resource\":\"arn:aws:s3:::brainpin-frontend-prod-140023375269/*\",\"Principal\":{\"Service\":\"cloudfront.amazonaws.com\"},\"Condition\":{\"StringEquals\":{\"AWS:SourceArn\":\"arn:aws:cloudfront::140023375269:distribution/E2N7KMOABLKE5P\"}}}]}",
            "override_json": null,
            "override_policy_documents": null,
            "policy_id": null,
            "source_json": null,
            "source_policy_documents": null,
            "statement": [
              {
                "actions": [
                  "s3:GetObject"
                ],
                "condition": [
                  {
                    "test": "StringEquals",
                    "values": [
                      "arn:aws:cloudfront::140023375269:distribution/E2N7KMOABLKE5P"
                    ],
                    "variable": "AWS:SourceArn"
                  }
                ],
                "effect": "Allow",
                "not_actions": [],
                "not_principals": [],
                "not_resources": [],
                "principals": [
                  {
                    "identifiers": [
                      "cloudfront.amazonaws.com"
                    ],
                    "type": "Service"
                  }
                ],
                "resources": [
                  "arn:aws:s3:::brainpin-frontend-prod-140023375269/*"
                ],
                "sid": "AllowCloudFrontServicePrincipalRead"
              }
            ],
            "version": "2012-10-17"
          },
          "sensitive_attributes": []
        }
      ]
    },
    {
      "mode": "data",
      "type": "aws_route53_zone",
      "name": "selected",
      "provider": "provider[\"registry.terraform.io/hashicorp/aws\"]",
      "instances": [
        {
          "schema_version": 0,
          "attributes": {
            "arn": "arn:aws:route53:::hostedzone/Z09645642QWJY8XEPXSNJ",
            "caller_reference": "RISWorkflow-RD:e0aa31f5-ebd0-4d7c-a5b8-b6924cf73c14",
            "comment": "HostedZone created by Route53 Registrar",
            "id": "Z09645642QWJY8XEPXSNJ",
            "linked_service_description": null,
            "linked_service_principal": null,
            "name": "leitnersoft.com",
            "name_servers": [
              "ns-124.awsdns-15.com",
              "ns-1335.awsdns-38.org",
              "ns-1767.awsdns-28.co.uk",
              "ns-863.awsdns-43.net"
            ],
            "primary_name_server": "ns-124.awsdns-15.com",
            "private_zone": false,
            "resource_record_set_count": 24,
            "tags": {},
            "vpc_id": null,
            "zone_id": "Z09645642QWJY8XEPXSNJ"
          },
          "sensitive_attributes": []
        }
      ]
    },
    {
      "mode": "managed",
      "type": "aws_acm_certificate",
      "name": "frontend",
      "provider": "provider[\"registry.terraform.io/hashicorp/aws\"].us_east_1",
      "instances": [
        {
          "schema_version": 0,
          "attributes": {
            "arn": "arn:aws:acm:us-east-1:140023375269:certificate/0d07e0b6-d6ce-41b0-94e5-889753670ce6",
            "certificate_authority_arn": "",
            "certificate_body": null,
            "certificate_chain": null,
            "domain_name": "brainpin.leitnersoft.com",
            "domain_validation_options": [
              {
                "domain_name": "brainpin.leitnersoft.com",
                "resource_record_name": "_b86bd7cb90bbc604a7f5c92170b66424.brainpin.leitnersoft.com.",
                "resource_record_type": "CNAME",
                "resource_record_value": "_dc02284dfbfc3685fea23e5b8602a9ef.xlfgrmvvlj.acm-validations.aws."
              }
            ],
            "early_renewal_duration": "",
            "id": "arn:aws:acm:us-east-1:140023375269:certificate/0d07e0b6-d6ce-41b0-94e5-889753670ce6",
            "key_algorithm": "RSA_2048",
            "not_after": "2026-11-16T23:59:59Z",
            "not_before": "2025-10-18T00:00:00Z",
            "options": [
              {
                "certificate_transparency_logging_preference": "ENABLED"
              }
            ],
            "pending_renewal": false,
            "private_key": null,
            "renewal_eligibility": "ELIGIBLE",
            "renewal_summary": [],
            "status": "ISSUED",
            "subject_alternative_names": [
              "brainpin.leitnersoft.com"
            ],
            "tags": {
              "Environment": "prod",
              "Project": "brainpin-frontend"
            },
            "tags_all": {
              "Environment": "prod",
              "Project": "brainpin-frontend"
            },
            "type": "AMAZON_ISSUED",
            "validation_emails": [],
            "validation_method": "DNS",
            "validation_option": []
          },
          "sensitive_attributes": [
            [
              {
                "type": "get_attr",
                "value": "private_key"
              }
            ]
          ],
          "private": "bnVsbA==",
          "create_before_destroy": true
        }
      ]
    },
    {
      "mode": "managed",
      "type": "aws_acm_certificate_validation",
      "name": "frontend",
      "provider": "provider[\"registry.terraform.io/hashicorp/aws\"].us_east_1",
      "instances": [
        {
          "schema_version": 0,
          "attributes": {
            "certificate_arn": "arn:aws:acm:us-east-1:140023375269:certificate/0d07e0b6-d6ce-41b0-94e5-889753670ce6",
            "id": "2025-10-18 17:23:49.566 +0000 UTC",
            "timeouts": null,
            "validation_record_fqdns": [
              "_b86bd7cb90bbc604a7f5c92170b66424.brainpin.leitnersoft.com"
            ]
          },
          "sensitive_attributes": [],
          "private": "eyJlMmJmYjczMC1lY2FhLTExZTYtOGY4OC0zNDM2M2JjN2M0YzAiOnsiY3JlYXRlIjo0NTAwMDAwMDAwMDAwfX0=",
          "dependencies": [
            "aws_acm_certificate.frontend",
            "aws_route53_record.certificate_validation",
            "data.aws_route53_zone.selected"
          ]
        }
      ]
    },
    {
      "mode": "managed",
      "type": "aws_cloudfront_distribution",
      "name": "frontend",
      "provider": "provider[\"registry.terraform.io/hashicorp/aws\"]",
      "instances": [
        {
          "schema_version": 1,
          "attributes": {
            "aliases": [
              "brainpin.leitnersoft.com"
            ],
            "arn": "arn:aws:cloudfront::140023375269:distribution/E2N7KMOABLKE5P",
            "caller_reference": "terraform-20251018172411193700000001",
            "comment": "CDN for brainpin.leitnersoft.com",
            "continuous_deployment_policy_id": "",
            "custom_error_response": [],
            "default_cache_behavior": [
              {
                "allowed_methods": [
                  "GET",
                  "HEAD",
                  "OPTIONS"
                ],
                "cache_policy_id": "",
                "cached_methods": [
                  "GET",
                  "HEAD"
                ],
                "compress": true,
                "default_ttl": 0,
                "field_level_encryption_id": "",
                "forwarded_values": [
                  {
                    "cookies": [
                      {
                        "forward": "none",
                        "whitelisted_names": []
                      }
                    ],
                    "headers": [],
                    "query_string": false,
                    "query_string_cache_keys": []
                  }
                ],
                "function_association": [
                  {
                    "event_type": "viewer-request",
                    "function_arn": "arn:aws:cloudfront::140023375269:function/brainpin-leitnersoft-com-trailing-slash"
                  }
                ],
                "grpc_config": [
                  {
                    "enabled": false
                  }
                ],
                "lambda_function_association": [],
                "max_ttl": 0,
                "min_ttl": 0,
                "origin_request_policy_id": "",
                "realtime_log_config_arn": "",
                "response_headers_policy_id": "",
                "smooth_streaming": false,
                "target_origin_id": "s3-brainpin-frontend-prod-140023375269",
                "trusted_key_groups": [],
                "trusted_signers": [],
                "viewer_protocol_policy": "redirect-to-https"
              }
            ],
            "default_root_object": "index.html",
            "domain_name": "d1fv73t015hmo1.cloudfront.net",
            "enabled": true,
            "etag": "E1WFN0D5LW26OZ",
            "hosted_zone_id": "Z2FDTNDATAQYW2",
            "http_version": "http2",
            "id": "E2N7KMOABLKE5P",
            "in_progress_validation_batches": 0,
            "is_ipv6_enabled": true,
            "last_modified_time": "2025-10-18 19:54:39.272 +0000 UTC",
            "logging_config": [],
            "ordered_cache_behavior": [],
            "origin": [
              {
                "connection_attempts": 3,
                "connection_timeout": 10,
                "custom_header": [],
                "custom_origin_config": [],
                "domain_name": "brainpin-frontend-prod-140023375269.s3.eu-central-1.amazonaws.com",
                "origin_access_control_id": "E2YCEO0G1JULDC",
                "origin_id": "s3-brainpin-frontend-prod-140023375269",
                "origin_path": "",
                "origin_shield": [],
                "s3_origin_config": [],
                "vpc_origin_config": []
              }
            ],
            "origin_group": [],
            "price_class": "PriceClass_100",
            "restrictions": [
              {
                "geo_restriction": [
                  {
                    "locations": [],
                    "restriction_type": "none"
                  }
                ]
              }
            ],
            "retain_on_delete": false,
            "staging": false,
            "status": "Deployed",
            "tags": {
              "Environment": "prod",
              "Project": "brainpin-frontend"
            },
            "tags_all": {
              "Environment": "prod",
              "Project": "brainpin-frontend"
            },
            "trusted_key_groups": [
              {
                "enabled": false,
                "items": []
              }
            ],
            "trusted_signers": [
              {
                "enabled": false,
                "items": []
              }
            ],
            "viewer_certificate": [
              {
                "acm_certificate_arn": "arn:aws:acm:us-east-1:140023375269:certificate/0d07e0b6-d6ce-41b0-94e5-889753670ce6",
                "cloudfront_default_certificate": false,
                "iam_certificate_id": "",
                "minimum_protocol_version": "TLSv1.2_2021",
                "ssl_support_method": "sni-only"
              }
            ],
            "wait_for_deployment": true,
            "web_acl_id": ""
          },
          "sensitive_attributes": [],
          "private": "eyJzY2hlbWFfdmVyc2lvbiI6IjEifQ==",
          "dependencies": [
            "aws_acm_certificate.frontend",
            "aws_acm_certificate_validation.frontend",
            "aws_cloudfront_function.add_trailing_slash",
            "aws_cloudfront_origin_access_control.frontend",
            "aws_route53_record.certificate_validation",
            "aws_s3_bucket.frontend",
            "data.aws_caller_identity.current",
            "data.aws_route53_zone.selected"
          ]
        }
      ]
    },
    {
      "mode": "managed",
      "type": "aws_cloudfront_function",
      "name": "add_trailing_slash",
      "provider": "provider[\"registry.terraform.io/hashicorp/aws\"]",
      "instances": [
        {
          "schema_version": 0,
          "attributes": {
            "arn": "arn:aws:cloudfront::140023375269:function/brainpin-leitnersoft-com-trailing-slash",
            "code": "function handler(event) {\n  var request = event.request;\n  var uri = request.uri || '';\n\n  if (!uri || uri === '/') {\n    request.uri = '/index.html';\n    return request;\n  }\n\n  if (uri.includes('.') || uri.startsWith('/_next') || uri.startsWith('/api/')) {\n    return request;\n  }\n\n  if (uri.endsWith('/')) {\n    request.uri = uri + 'index.html';\n    return request;\n  }\n\n  var querystring = request.querystring || {};\n  var queryKeys = Object.keys(querystring);\n  var location = uri + '/';\n\n  if (queryKeys.length \u003e 0) {\n    var params = [];\n    for (var i = 0; i \u003c queryKeys.length; i++) {\n      var key = queryKeys[i];\n      var entry = querystring[key];\n      if (!entry) {\n        continue;\n      }\n\n      if (entry.multiValue \u0026\u0026 entry.multiValue.length \u003e 0) {\n        for (var j = 0; j \u003c entry.multiValue.length; j++) {\n          var mv = entry.multiValue[j];\n          params.push(key + '=' + mv.value);\n        }\n      } else if (entry.value !== undefined) {\n        params.push(key + '=' + entry.value);\n      } else {\n        params.push(key);\n      }\n    }\n\n    if (params.length \u003e 0) {\n      location += '?' + params.join('\u0026');\n    }\n  }\n\n  return {\n    statusCode: 301,\n    statusDescription: 'Moved Permanently',\n    headers: {\n      location: { value: location }\n    }\n  };\n}\n",
            "comment": "Redirect extensionless paths to a trailing slash",
            "etag": "E3UN6WX5RRO2AG",
            "id": "brainpin-leitnersoft-com-trailing-slash",
            "key_value_store_associations": [],
            "live_stage_etag": "E3UN6WX5RRO2AG",
            "name": "brainpin-leitnersoft-com-trailing-slash",
            "publish": true,
            "runtime": "cloudfront-js-1.0",
            "status": "IN_PROGRESS"
          },
          "sensitive_attributes": [],
          "private": "bnVsbA=="
        }
      ]
    },
    {
      "mode": "managed",
      "type": "aws_cloudfront_origin_access_control",
      "name": "frontend",
      "provider": "provider[\"registry.terraform.io/hashicorp/aws\"]",
      "instances": [
        {
          "schema_version": 0,
          "attributes": {
            "arn": "arn:aws:cloudfront::140023375269:origin-access-control/E2YCEO0G1JULDC",
            "description": "OAC for brainpin.leitnersoft.com static assets",
            "etag": "ETVPDKIKX0DER",
            "id": "E2YCEO0G1JULDC",
            "name": "brainpin.leitnersoft.com-oac",
            "origin_access_control_origin_type": "s3",
            "signing_behavior": "always",
            "signing_protocol": "sigv4"
          },
          "sensitive_attributes": [],
          "private": "bnVsbA=="
        }
      ]
    },
    {
      "mode": "managed",
      "type": "aws_route53_record",
      "name": "certificate_validation",
      "provider": "provider[\"registry.terraform.io/hashicorp/aws\"]",
      "instances": [
        {
          "index_key": "brainpin.leitnersoft.com",
          "schema_version": 2,
          "attributes": {
            "alias": [],
            "allow_overwrite": true,
            "cidr_routing_policy": [],
            "failover_routing_policy": [],
            "fqdn": "_b86bd7cb90bbc604a7f5c92170b66424.brainpin.leitnersoft.com",
            "geolocation_routing_policy": [],
            "geoproximity_routing_policy": [],
            "health_check_id": "",
            "id": "Z09645642QWJY8XEPXSNJ__b86bd7cb90bbc604a7f5c92170b66424.brainpin.leitnersoft.com._CNAME",
            "latency_routing_policy": [],
            "multivalue_answer_routing_policy": false,
            "name": "_b86bd7cb90bbc604a7f5c92170b66424.brainpin.leitnersoft.com",
            "records": [
              "_dc02284dfbfc3685fea23e5b8602a9ef.xlfgrmvvlj.acm-validations.aws."
            ],
            "set_identifier": "",
            "timeouts": null,
            "ttl": 60,
            "type": "CNAME",
            "weighted_routing_policy": [],
            "zone_id": "Z09645642QWJY8XEPXSNJ"
          },
          "sensitive_attributes": [],
          "private": "eyJlMmJmYjczMC1lY2FhLTExZTYtOGY4OC0zNDM2M2JjN2M0YzAiOnsiY3JlYXRlIjoxODAwMDAwMDAwMDAwLCJkZWxldGUiOjE4MDAwMDAwMDAwMDAsInVwZGF0ZSI6MTgwMDAwMDAwMDAwMH0sInNjaGVtYV92ZXJzaW9uIjoiMiJ9",
          "dependencies": [
            "aws_acm_certificate.frontend",
            "data.aws_route53_zone.selected"
          ]
        }
      ]
    },
    {
      "mode": "managed",
      "type": "aws_route53_record",
      "name": "frontend",
      "provider": "provider[\"registry.terraform.io/hashicorp/aws\"]",
      "instances": [
        {
          "schema_version": 2,
          "attributes": {
            "alias": [
              {
                "evaluate_target_health": false,
                "name": "d1fv73t015hmo1.cloudfront.net",
                "zone_id": "Z2FDTNDATAQYW2"
              }
            ],
            "allow_overwrite": null,
            "cidr_routing_policy": [],
            "failover_routing_policy": [],
            "fqdn": "brainpin.leitnersoft.com",
            "geolocation_routing_policy": [],
            "geoproximity_routing_policy": [],
            "health_check_id": "",
            "id": "Z09645642QWJY8XEPXSNJ_brainpin.leitnersoft.com_A",
            "latency_routing_policy": [],
            "multivalue_answer_routing_policy": false,
            "name": "brainpin.leitnersoft.com",
            "records": [],
            "set_identifier": "",
            "timeouts": null,
            "ttl": 0,
            "type": "A",
            "weighted_routing_policy": [],
            "zone_id": "Z09645642QWJY8XEPXSNJ"
          },
          "sensitive_attributes": [],
          "private": "eyJlMmJmYjczMC1lY2FhLTExZTYtOGY4OC0zNDM2M2JjN2M0YzAiOnsiY3JlYXRlIjoxODAwMDAwMDAwMDAwLCJkZWxldGUiOjE4MDAwMDAwMDAwMDAsInVwZGF0ZSI6MTgwMDAwMDAwMDAwMH0sInNjaGVtYV92ZXJzaW9uIjoiMiJ9",
          "dependencies": [
            "aws_acm_certificate.frontend",
            "aws_acm_certificate_validation.frontend",
            "aws_cloudfront_distribution.frontend",
            "aws_cloudfront_function.add_trailing_slash",
            "aws_cloudfront_origin_access_control.frontend",
            "aws_route53_record.certificate_validation",
            "aws_s3_bucket.frontend",
            "data.aws_caller_identity.current",
            "data.aws_route53_zone.selected"
          ]
        }
      ]
    },
    {
      "mode": "managed",
      "type": "aws_s3_bucket",
      "name": "frontend",
      "provider": "provider[\"registry.terraform.io/hashicorp/aws\"]",
      "instances": [
        {
          "schema_version": 0,
          "attributes": {
            "acceleration_status": "",
            "acl": null,
            "arn": "arn:aws:s3:::brainpin-frontend-prod-140023375269",
            "bucket": "brainpin-frontend-prod-140023375269",
            "bucket_domain_name": "brainpin-frontend-prod-140023375269.s3.amazonaws.com",
            "bucket_prefix": "",
            "bucket_regional_domain_name": "brainpin-frontend-prod-140023375269.s3.eu-central-1.amazonaws.com",
            "cors_rule": [],
            "force_destroy": false,
            "grant": [
              {
                "id": "9df934e8ae7a21a5cb95346002f627cb8fc485294c755607b64057fa3d0134ac",
                "permissions": [
                  "FULL_CONTROL"
                ],
                "type": "CanonicalUser",
                "uri": ""
              }
            ],
            "hosted_zone_id": "Z21DNDUVLTQW6Q",
            "id": "brainpin-frontend-prod-140023375269",
            "lifecycle_rule": [],
            "logging": [],
            "object_lock_configuration": [],
            "object_lock_enabled": false,
            "policy": "{\"Statement\":[{\"Action\":\"s3:GetObject\",\"Condition\":{\"StringEquals\":{\"AWS:SourceArn\":\"arn:aws:cloudfront::140023375269:distribution/E2N7KMOABLKE5P\"}},\"Effect\":\"Allow\",\"Principal\":{\"Service\":\"cloudfront.amazonaws.com\"},\"Resource\":\"arn:aws:s3:::brainpin-frontend-prod-140023375269/*\",\"Sid\":\"AllowCloudFrontServicePrincipalRead\"}],\"Version\":\"2012-10-17\"}",
            "region": "eu-central-1",
            "replication_configuration": [],
            "request_payer": "BucketOwner",
            "server_side_encryption_configuration": [
              {
                "rule": [
                  {
                    "apply_server_side_encryption_by_default": [
                      {
                        "kms_master_key_id": "",
                        "sse_algorithm": "AES256"
                      }
                    ],
                    "bucket_key_enabled": false
                  }
                ]
              }
            ],
            "tags": {
              "Environment": "prod",
              "Project": "brainpin-frontend"
            },
            "tags_all": {
              "Environment": "prod",
              "Project": "brainpin-frontend"
            },
            "timeouts": null,
            "versioning": [
              {
                "enabled": true,
                "mfa_delete": false
              }
            ],
            "website": [],
            "website_domain": null,
            "website_endpoint": null
          },
          "sensitive_attributes": [],
          "private": "eyJlMmJmYjczMC1lY2FhLTExZTYtOGY4OC0zNDM2M2JjN2M0YzAiOnsiY3JlYXRlIjoxMjAwMDAwMDAwMDAwLCJkZWxldGUiOjM2MDAwMDAwMDAwMDAsInJlYWQiOjEyMDAwMDAwMDAwMDAsInVwZGF0ZSI6MTIwMDAwMDAwMDAwMH19",
          "dependencies": [
            "data.aws_caller_identity.current"
          ]
        }
      ]
    },
    {
      "mode": "managed",
      "type": "aws_s3_bucket_policy",
      "name": "frontend",
      "provider": "provider[\"registry.terraform.io/hashicorp/aws\"]",
      "instances": [
        {
          "schema_version": 0,
          "attributes": {
            "bucket": "brainpin-frontend-prod-140023375269",
            "id": "brainpin-frontend-prod-140023375269",
            "policy": "{\"Statement\":[{\"Action\":\"s3:GetObject\",\"Condition\":{\"StringEquals\":{\"AWS:SourceArn\":\"arn:aws:cloudfront::140023375269:distribution/E2N7KMOABLKE5P\"}},\"Effect\":\"Allow\",\"Principal\":{\"Service\":\"cloudfront.amazonaws.com\"},\"Resource\":\"arn:aws:s3:::brainpin-frontend-prod-140023375269/*\",\"Sid\":\"AllowCloudFrontServicePrincipalRead\"}],\"Version\":\"2012-10-17\"}"
          },
          "sensitive_attributes": [],
          "private": "bnVsbA==",
          "dependencies": [
            "aws_acm_certificate.frontend",
            "aws_acm_certificate_validation.frontend",
            "aws_cloudfront_distribution.frontend",
            "aws_cloudfront_function.add_trailing_slash",
            "aws_cloudfront_origin_access_control.frontend",
            "aws_route53_record.certificate_validation",
            "aws_s3_bucket.frontend",
            "data.aws_caller_identity.current",
            "data.aws_iam_policy_document.frontend",
            "data.aws_route53_zone.selected"
          ]
        }
      ]
    },
    {
      "mode": "managed",
      "type": "aws_s3_bucket_public_access_block",
      "name": "frontend",
      "provider": "provider[\"registry.terraform.io/hashicorp/aws\"]",
      "instances": [
        {
          "schema_version": 0,
          "attributes": {
            "block_public_acls": true,
            "block_public_policy": true,
            "bucket": "brainpin-frontend-prod-140023375269",
            "id": "brainpin-frontend-prod-140023375269",
            "ignore_public_acls": true,
            "restrict_public_buckets": true
          },
          "sensitive_attributes": [],
          "private": "bnVsbA==",
          "dependencies": [
            "aws_s3_bucket.frontend",
            "data.aws_caller_identity.current"
          ]
        }
      ]
    },
    {
      "mode": "managed",
      "type": "aws_s3_bucket_versioning",
      "name": "frontend",
      "provider": "provider[\"registry.terraform.io/hashicorp/aws\"]",
      "instances": [
        {
          "schema_version": 0,
          "attributes": {
            "bucket": "brainpin-frontend-prod-140023375269",
            "expected_bucket_owner": "",
            "id": "brainpin-frontend-prod-140023375269",
            "mfa": null,
            "versioning_configuration": [
              {
                "mfa_delete": "",
                "status": "Enabled"
              }
            ]
          },
          "sensitive_attributes": [],
          "private": "bnVsbA==",
          "dependencies": [
            "aws_s3_bucket.frontend",
            "data.aws_caller_identity.current"
          ]
        }
      ]
    }
  ],
  "check_results": null
}
